// !$*UTF8*$!
{
	archiveVersion = 1;
	classes = {
	};
	objectVersion = 56;
	objects = {

/* Begin PBXBuildFile section */
		0249E77B2BB1F71800BBC79B /* TVMazeApp.swift in Sources */ = {isa = PBXBuildFile; fileRef = 0249E77A2BB1F71800BBC79B /* TVMazeApp.swift */; };
		0249E77D2BB1F71800BBC79B /* ContentView.swift in Sources */ = {isa = PBXBuildFile; fileRef = 0249E77C2BB1F71800BBC79B /* ContentView.swift */; };
		0249E77F2BB1F71A00BBC79B /* Assets.xcassets in Resources */ = {isa = PBXBuildFile; fileRef = 0249E77E2BB1F71A00BBC79B /* Assets.xcassets */; };
		0249E7822BB1F71A00BBC79B /* Preview Assets.xcassets in Resources */ = {isa = PBXBuildFile; fileRef = 0249E7812BB1F71A00BBC79B /* Preview Assets.xcassets */; };
		0249E7902BB1FBEF00BBC79B /* Color+Extensions.swift in Sources */ = {isa = PBXBuildFile; fileRef = 0249E78F2BB1FBEF00BBC79B /* Color+Extensions.swift */; };
		0249E7942BB1FCCF00BBC79B /* ColorTheme.swift in Sources */ = {isa = PBXBuildFile; fileRef = 0249E7932BB1FCCF00BBC79B /* ColorTheme.swift */; };
		0249E7A62BB20F0900BBC79B /* TVMazeServiceKit in Frameworks */ = {isa = PBXBuildFile; productRef = 0249E7A52BB20F0900BBC79B /* TVMazeServiceKit */; };
		0249E7AD2BB2158900BBC79B /* TvShowsRemoteDataService.swift in Sources */ = {isa = PBXBuildFile; fileRef = 0249E7A72BB2158900BBC79B /* TvShowsRemoteDataService.swift */; };
		0249E7AE2BB2158900BBC79B /* Image.swift in Sources */ = {isa = PBXBuildFile; fileRef = 0249E7A92BB2158900BBC79B /* Image.swift */; };
		0249E7AF2BB2158900BBC79B /* Schedule.swift in Sources */ = {isa = PBXBuildFile; fileRef = 0249E7AA2BB2158900BBC79B /* Schedule.swift */; };
		0249E7B02BB2158900BBC79B /* TvShow.swift in Sources */ = {isa = PBXBuildFile; fileRef = 0249E7AB2BB2158900BBC79B /* TvShow.swift */; };
		0249E7B22BB21A8100BBC79B /* Constants.swift in Sources */ = {isa = PBXBuildFile; fileRef = 0249E7B12BB21A8100BBC79B /* Constants.swift */; };
		0249E7C42BB21D8000BBC79B /* TvShowsRemoteDataServiceTests.swift in Sources */ = {isa = PBXBuildFile; fileRef = 0249E7C32BB21D8000BBC79B /* TvShowsRemoteDataServiceTests.swift */; };
		0249E7CA2BB21E7100BBC79B /* MockNetworkingManager.swift in Sources */ = {isa = PBXBuildFile; fileRef = 0249E7C92BB21E7100BBC79B /* MockNetworkingManager.swift */; };
		0249E7D42BB225A100BBC79B /* TvShowsViewModel.swift in Sources */ = {isa = PBXBuildFile; fileRef = 0249E7D32BB225A100BBC79B /* TvShowsViewModel.swift */; };
		0249E7D62BB22A5C00BBC79B /* TvShowsView.swift in Sources */ = {isa = PBXBuildFile; fileRef = 0249E7D52BB22A5C00BBC79B /* TvShowsView.swift */; };
		0249E7D82BB22C1D00BBC79B /* TvShowRowView.swift in Sources */ = {isa = PBXBuildFile; fileRef = 0249E7D72BB22C1D00BBC79B /* TvShowRowView.swift */; };
		0249E7E42BB23C2D00BBC79B /* ImagesDataService.swift in Sources */ = {isa = PBXBuildFile; fileRef = 0249E7E32BB23C2D00BBC79B /* ImagesDataService.swift */; };
		0249E7E72BB2442A00BBC79B /* MockShow.swift in Sources */ = {isa = PBXBuildFile; fileRef = 0249E7CB2BB21EE100BBC79B /* MockShow.swift */; };
		0249E7ED2BB24D8300BBC79B /* ImageView.swift in Sources */ = {isa = PBXBuildFile; fileRef = 0249E7EA2BB24D8300BBC79B /* ImageView.swift */; };
		0249E7EE2BB24D8300BBC79B /* ImageViewModel.swift in Sources */ = {isa = PBXBuildFile; fileRef = 0249E7EB2BB24D8300BBC79B /* ImageViewModel.swift */; };
		0249E7F02BB26BBA00BBC79B /* String+Extensions.swift in Sources */ = {isa = PBXBuildFile; fileRef = 0249E7EF2BB26BB900BBC79B /* String+Extensions.swift */; };
		0249E7F22BB2783600BBC79B /* ViewState.swift in Sources */ = {isa = PBXBuildFile; fileRef = 0249E7F12BB2783600BBC79B /* ViewState.swift */; };
		0249E7F72BB29DBE00BBC79B /* TvShowDetailsViewModel.swift in Sources */ = {isa = PBXBuildFile; fileRef = 0249E7F62BB29DBE00BBC79B /* TvShowDetailsViewModel.swift */; };
		0249E7F92BB29E6B00BBC79B /* TvShowDetailsRemoteDataService.swift in Sources */ = {isa = PBXBuildFile; fileRef = 0249E7F82BB29E6B00BBC79B /* TvShowDetailsRemoteDataService.swift */; };
		0249E7FB2BB3011600BBC79B /* TvShowDetailsView.swift in Sources */ = {isa = PBXBuildFile; fileRef = 0249E7FA2BB3011600BBC79B /* TvShowDetailsView.swift */; };
		0249E7FE2BB31C8300BBC79B /* ViewModelFactory.swift in Sources */ = {isa = PBXBuildFile; fileRef = 0249E7FD2BB31C8300BBC79B /* ViewModelFactory.swift */; };
		0249E8002BB324D700BBC79B /* View+Extensions.swift in Sources */ = {isa = PBXBuildFile; fileRef = 0249E7FF2BB324D700BBC79B /* View+Extensions.swift */; };
		0249E8022BB334B000BBC79B /* EmbeddedEpisodes.swift in Sources */ = {isa = PBXBuildFile; fileRef = 0249E8012BB334B000BBC79B /* EmbeddedEpisodes.swift */; };
		0249E8042BB368A500BBC79B /* TvShowDetailsHeader.swift in Sources */ = {isa = PBXBuildFile; fileRef = 0249E8032BB368A500BBC79B /* TvShowDetailsHeader.swift */; };
		0249E8062BB36E1A00BBC79B /* EpisodesBySeasonView.swift in Sources */ = {isa = PBXBuildFile; fileRef = 0249E8052BB36E1A00BBC79B /* EpisodesBySeasonView.swift */; };
		0249E8082BB3811800BBC79B /* SeasonView.swift in Sources */ = {isa = PBXBuildFile; fileRef = 0249E8072BB3811800BBC79B /* SeasonView.swift */; };
		0249E80A2BB383B400BBC79B /* EpisodeView.swift in Sources */ = {isa = PBXBuildFile; fileRef = 0249E8092BB383B400BBC79B /* EpisodeView.swift */; };
		0249E80F2BB3941300BBC79B /* EpisodeDetailsViewModel.swift in Sources */ = {isa = PBXBuildFile; fileRef = 0249E80E2BB3941300BBC79B /* EpisodeDetailsViewModel.swift */; };
		0249E8112BB395A400BBC79B /* EpisodeDetailsView.swift in Sources */ = {isa = PBXBuildFile; fileRef = 0249E8102BB395A400BBC79B /* EpisodeDetailsView.swift */; };
		0249E8132BB39E2F00BBC79B /* XMarkButton.swift in Sources */ = {isa = PBXBuildFile; fileRef = 0249E8122BB39E2F00BBC79B /* XMarkButton.swift */; };
		0249E8152BB3A09B00BBC79B /* SummaryView.swift in Sources */ = {isa = PBXBuildFile; fileRef = 0249E8142BB3A09B00BBC79B /* SummaryView.swift */; };
		0249E8192BB3A81200BBC79B /* TvShowsSearchViewModel.swift in Sources */ = {isa = PBXBuildFile; fileRef = 0249E8182BB3A81200BBC79B /* TvShowsSearchViewModel.swift */; };
		0249E81B2BB3A98E00BBC79B /* TvShowsSearchRemoteDataService.swift in Sources */ = {isa = PBXBuildFile; fileRef = 0249E81A2BB3A98E00BBC79B /* TvShowsSearchRemoteDataService.swift */; };
		0249E81E2BB3B2DF00BBC79B /* TvShowSearchView.swift in Sources */ = {isa = PBXBuildFile; fileRef = 0249E81D2BB3B2DF00BBC79B /* TvShowSearchView.swift */; };
		0249E8202BB3B6B100BBC79B /* SearchBarView.swift in Sources */ = {isa = PBXBuildFile; fileRef = 0249E81F2BB3B6B100BBC79B /* SearchBarView.swift */; };
		0249E8222BB3BA4500BBC79B /* UIApplication+Extension.swift in Sources */ = {isa = PBXBuildFile; fileRef = 0249E8212BB3BA4500BBC79B /* UIApplication+Extension.swift */; };
/* End PBXBuildFile section */

/* Begin PBXContainerItemProxy section */
		0249E7BB2BB21D4200BBC79B /* PBXContainerItemProxy */ = {
			isa = PBXContainerItemProxy;
			containerPortal = 0249E76F2BB1F71800BBC79B /* Project object */;
			proxyType = 1;
			remoteGlobalIDString = 0249E7762BB1F71800BBC79B;
			remoteInfo = TVMaze;
		};
/* End PBXContainerItemProxy section */

/* Begin PBXFileReference section */
		0249E7772BB1F71800BBC79B /* TVMaze.app */ = {isa = PBXFileReference; explicitFileType = wrapper.application; includeInIndex = 0; path = TVMaze.app; sourceTree = BUILT_PRODUCTS_DIR; };
		0249E77A2BB1F71800BBC79B /* TVMazeApp.swift */ = {isa = PBXFileReference; lastKnownFileType = sourcecode.swift; path = TVMazeApp.swift; sourceTree = "<group>"; };
		0249E77C2BB1F71800BBC79B /* ContentView.swift */ = {isa = PBXFileReference; lastKnownFileType = sourcecode.swift; path = ContentView.swift; sourceTree = "<group>"; };
		0249E77E2BB1F71A00BBC79B /* Assets.xcassets */ = {isa = PBXFileReference; lastKnownFileType = folder.assetcatalog; path = Assets.xcassets; sourceTree = "<group>"; };
		0249E7812BB1F71A00BBC79B /* Preview Assets.xcassets */ = {isa = PBXFileReference; lastKnownFileType = folder.assetcatalog; path = "Preview Assets.xcassets"; sourceTree = "<group>"; };
		0249E78F2BB1FBEF00BBC79B /* Color+Extensions.swift */ = {isa = PBXFileReference; lastKnownFileType = sourcecode.swift; path = "Color+Extensions.swift"; sourceTree = "<group>"; };
		0249E7932BB1FCCF00BBC79B /* ColorTheme.swift */ = {isa = PBXFileReference; lastKnownFileType = sourcecode.swift; path = ColorTheme.swift; sourceTree = "<group>"; };
		0249E79C2BB201C700BBC79B /* TVMazeServiceKit */ = {isa = PBXFileReference; lastKnownFileType = wrapper; name = TVMazeServiceKit; path = TVMaze/TVMazeServiceKit; sourceTree = "<group>"; };
		0249E7A72BB2158900BBC79B /* TvShowsRemoteDataService.swift */ = {isa = PBXFileReference; fileEncoding = 4; lastKnownFileType = sourcecode.swift; path = TvShowsRemoteDataService.swift; sourceTree = "<group>"; };
		0249E7A92BB2158900BBC79B /* Image.swift */ = {isa = PBXFileReference; fileEncoding = 4; lastKnownFileType = sourcecode.swift; path = Image.swift; sourceTree = "<group>"; };
		0249E7AA2BB2158900BBC79B /* Schedule.swift */ = {isa = PBXFileReference; fileEncoding = 4; lastKnownFileType = sourcecode.swift; path = Schedule.swift; sourceTree = "<group>"; };
		0249E7AB2BB2158900BBC79B /* TvShow.swift */ = {isa = PBXFileReference; fileEncoding = 4; lastKnownFileType = sourcecode.swift; path = TvShow.swift; sourceTree = "<group>"; };
		0249E7B12BB21A8100BBC79B /* Constants.swift */ = {isa = PBXFileReference; lastKnownFileType = sourcecode.swift; path = Constants.swift; sourceTree = "<group>"; };
		0249E7B72BB21D4200BBC79B /* TVMazeTests.xctest */ = {isa = PBXFileReference; explicitFileType = wrapper.cfbundle; includeInIndex = 0; path = TVMazeTests.xctest; sourceTree = BUILT_PRODUCTS_DIR; };
		0249E7C32BB21D8000BBC79B /* TvShowsRemoteDataServiceTests.swift */ = {isa = PBXFileReference; lastKnownFileType = sourcecode.swift; path = TvShowsRemoteDataServiceTests.swift; sourceTree = "<group>"; };
		0249E7C92BB21E7100BBC79B /* MockNetworkingManager.swift */ = {isa = PBXFileReference; fileEncoding = 4; lastKnownFileType = sourcecode.swift; path = MockNetworkingManager.swift; sourceTree = "<group>"; };
		0249E7CB2BB21EE100BBC79B /* MockShow.swift */ = {isa = PBXFileReference; lastKnownFileType = sourcecode.swift; path = MockShow.swift; sourceTree = "<group>"; };
		0249E7D32BB225A100BBC79B /* TvShowsViewModel.swift */ = {isa = PBXFileReference; lastKnownFileType = sourcecode.swift; path = TvShowsViewModel.swift; sourceTree = "<group>"; };
		0249E7D52BB22A5C00BBC79B /* TvShowsView.swift */ = {isa = PBXFileReference; lastKnownFileType = sourcecode.swift; path = TvShowsView.swift; sourceTree = "<group>"; };
		0249E7D72BB22C1D00BBC79B /* TvShowRowView.swift */ = {isa = PBXFileReference; lastKnownFileType = sourcecode.swift; path = TvShowRowView.swift; sourceTree = "<group>"; };
		0249E7E32BB23C2D00BBC79B /* ImagesDataService.swift */ = {isa = PBXFileReference; lastKnownFileType = sourcecode.swift; path = ImagesDataService.swift; sourceTree = "<group>"; };
		0249E7EA2BB24D8300BBC79B /* ImageView.swift */ = {isa = PBXFileReference; fileEncoding = 4; lastKnownFileType = sourcecode.swift; path = ImageView.swift; sourceTree = "<group>"; };
		0249E7EB2BB24D8300BBC79B /* ImageViewModel.swift */ = {isa = PBXFileReference; fileEncoding = 4; lastKnownFileType = sourcecode.swift; path = ImageViewModel.swift; sourceTree = "<group>"; };
		0249E7EF2BB26BB900BBC79B /* String+Extensions.swift */ = {isa = PBXFileReference; lastKnownFileType = sourcecode.swift; path = "String+Extensions.swift"; sourceTree = "<group>"; };
		0249E7F12BB2783600BBC79B /* ViewState.swift */ = {isa = PBXFileReference; lastKnownFileType = sourcecode.swift; path = ViewState.swift; sourceTree = "<group>"; };
		0249E7F62BB29DBE00BBC79B /* TvShowDetailsViewModel.swift */ = {isa = PBXFileReference; lastKnownFileType = sourcecode.swift; path = TvShowDetailsViewModel.swift; sourceTree = "<group>"; };
		0249E7F82BB29E6B00BBC79B /* TvShowDetailsRemoteDataService.swift */ = {isa = PBXFileReference; lastKnownFileType = sourcecode.swift; path = TvShowDetailsRemoteDataService.swift; sourceTree = "<group>"; };
		0249E7FA2BB3011600BBC79B /* TvShowDetailsView.swift */ = {isa = PBXFileReference; lastKnownFileType = sourcecode.swift; path = TvShowDetailsView.swift; sourceTree = "<group>"; };
		0249E7FD2BB31C8300BBC79B /* ViewModelFactory.swift */ = {isa = PBXFileReference; lastKnownFileType = sourcecode.swift; path = ViewModelFactory.swift; sourceTree = "<group>"; };
		0249E7FF2BB324D700BBC79B /* View+Extensions.swift */ = {isa = PBXFileReference; lastKnownFileType = sourcecode.swift; path = "View+Extensions.swift"; sourceTree = "<group>"; };
		0249E8012BB334B000BBC79B /* EmbeddedEpisodes.swift */ = {isa = PBXFileReference; lastKnownFileType = sourcecode.swift; path = EmbeddedEpisodes.swift; sourceTree = "<group>"; };
		0249E8032BB368A500BBC79B /* TvShowDetailsHeader.swift */ = {isa = PBXFileReference; lastKnownFileType = sourcecode.swift; path = TvShowDetailsHeader.swift; sourceTree = "<group>"; };
		0249E8052BB36E1A00BBC79B /* EpisodesBySeasonView.swift */ = {isa = PBXFileReference; lastKnownFileType = sourcecode.swift; path = EpisodesBySeasonView.swift; sourceTree = "<group>"; };
		0249E8072BB3811800BBC79B /* SeasonView.swift */ = {isa = PBXFileReference; lastKnownFileType = sourcecode.swift; path = SeasonView.swift; sourceTree = "<group>"; };
		0249E8092BB383B400BBC79B /* EpisodeView.swift */ = {isa = PBXFileReference; lastKnownFileType = sourcecode.swift; path = EpisodeView.swift; sourceTree = "<group>"; };
		0249E80E2BB3941300BBC79B /* EpisodeDetailsViewModel.swift */ = {isa = PBXFileReference; lastKnownFileType = sourcecode.swift; path = EpisodeDetailsViewModel.swift; sourceTree = "<group>"; };
		0249E8102BB395A400BBC79B /* EpisodeDetailsView.swift */ = {isa = PBXFileReference; lastKnownFileType = sourcecode.swift; path = EpisodeDetailsView.swift; sourceTree = "<group>"; };
		0249E8122BB39E2F00BBC79B /* XMarkButton.swift */ = {isa = PBXFileReference; lastKnownFileType = sourcecode.swift; path = XMarkButton.swift; sourceTree = "<group>"; };
		0249E8142BB3A09B00BBC79B /* SummaryView.swift */ = {isa = PBXFileReference; lastKnownFileType = sourcecode.swift; path = SummaryView.swift; sourceTree = "<group>"; };
		0249E8182BB3A81200BBC79B /* TvShowsSearchViewModel.swift */ = {isa = PBXFileReference; lastKnownFileType = sourcecode.swift; path = TvShowsSearchViewModel.swift; sourceTree = "<group>"; };
		0249E81A2BB3A98E00BBC79B /* TvShowsSearchRemoteDataService.swift */ = {isa = PBXFileReference; lastKnownFileType = sourcecode.swift; path = TvShowsSearchRemoteDataService.swift; sourceTree = "<group>"; };
		0249E81D2BB3B2DF00BBC79B /* TvShowSearchView.swift */ = {isa = PBXFileReference; lastKnownFileType = sourcecode.swift; path = TvShowSearchView.swift; sourceTree = "<group>"; };
		0249E81F2BB3B6B100BBC79B /* SearchBarView.swift */ = {isa = PBXFileReference; lastKnownFileType = sourcecode.swift; path = SearchBarView.swift; sourceTree = "<group>"; };
		0249E8212BB3BA4500BBC79B /* UIApplication+Extension.swift */ = {isa = PBXFileReference; lastKnownFileType = sourcecode.swift; path = "UIApplication+Extension.swift"; sourceTree = "<group>"; };
/* End PBXFileReference section */

/* Begin PBXFrameworksBuildPhase section */
		0249E7742BB1F71800BBC79B /* Frameworks */ = {
			isa = PBXFrameworksBuildPhase;
			buildActionMask = 2147483647;
			files = (
				0249E7A62BB20F0900BBC79B /* TVMazeServiceKit in Frameworks */,
			);
			runOnlyForDeploymentPostprocessing = 0;
		};
		0249E7B42BB21D4200BBC79B /* Frameworks */ = {
			isa = PBXFrameworksBuildPhase;
			buildActionMask = 2147483647;
			files = (
			);
			runOnlyForDeploymentPostprocessing = 0;
		};
/* End PBXFrameworksBuildPhase section */

/* Begin PBXGroup section */
		0249E76E2BB1F71800BBC79B = {
			isa = PBXGroup;
			children = (
				0249E79C2BB201C700BBC79B /* TVMazeServiceKit */,
				0249E7792BB1F71800BBC79B /* TVMaze */,
				0249E7B82BB21D4200BBC79B /* TVMazeTests */,
				0249E7782BB1F71800BBC79B /* Products */,
				0249E7A42BB20F0900BBC79B /* Frameworks */,
			);
			sourceTree = "<group>";
		};
		0249E7782BB1F71800BBC79B /* Products */ = {
			isa = PBXGroup;
			children = (
				0249E7772BB1F71800BBC79B /* TVMaze.app */,
				0249E7B72BB21D4200BBC79B /* TVMazeTests.xctest */,
			);
			name = Products;
			sourceTree = "<group>";
		};
		0249E7792BB1F71800BBC79B /* TVMaze */ = {
			isa = PBXGroup;
			children = (
				0249E77A2BB1F71800BBC79B /* TVMazeApp.swift */,
				0249E77C2BB1F71800BBC79B /* ContentView.swift */,
				0249E78E2BB1FBDF00BBC79B /* Extensions */,
				0249E7922BB1FCC100BBC79B /* Helpers */,
				0249E7AC2BB2158900BBC79B /* Models */,
				0249E7FC2BB31C7300BBC79B /* Factories */,
				0249E7A82BB2158900BBC79B /* Services */,
				0249E7CD2BB2245A00BBC79B /* Features */,
				0249E7E92BB24D6D00BBC79B /* UIComponents */,
				0249E7912BB1FC3600BBC79B /* Resources */,
				0249E7802BB1F71A00BBC79B /* Preview Content */,
			);
			path = TVMaze;
			sourceTree = "<group>";
		};
		0249E7802BB1F71A00BBC79B /* Preview Content */ = {
			isa = PBXGroup;
			children = (
				0249E7812BB1F71A00BBC79B /* Preview Assets.xcassets */,
			);
			path = "Preview Content";
			sourceTree = "<group>";
		};
		0249E78E2BB1FBDF00BBC79B /* Extensions */ = {
			isa = PBXGroup;
			children = (
				0249E78F2BB1FBEF00BBC79B /* Color+Extensions.swift */,
				0249E7EF2BB26BB900BBC79B /* String+Extensions.swift */,
				0249E7FF2BB324D700BBC79B /* View+Extensions.swift */,
				0249E8212BB3BA4500BBC79B /* UIApplication+Extension.swift */,
			);
			path = Extensions;
			sourceTree = "<group>";
		};
		0249E7912BB1FC3600BBC79B /* Resources */ = {
			isa = PBXGroup;
			children = (
				0249E77E2BB1F71A00BBC79B /* Assets.xcassets */,
			);
			path = Resources;
			sourceTree = "<group>";
		};
		0249E7922BB1FCC100BBC79B /* Helpers */ = {
			isa = PBXGroup;
			children = (
				0249E7B12BB21A8100BBC79B /* Constants.swift */,
				0249E7932BB1FCCF00BBC79B /* ColorTheme.swift */,
				0249E7F12BB2783600BBC79B /* ViewState.swift */,
			);
			path = Helpers;
			sourceTree = "<group>";
		};
		0249E7A42BB20F0900BBC79B /* Frameworks */ = {
			isa = PBXGroup;
			children = (
			);
			name = Frameworks;
			sourceTree = "<group>";
		};
		0249E7A82BB2158900BBC79B /* Services */ = {
			isa = PBXGroup;
			children = (
				0249E7A72BB2158900BBC79B /* TvShowsRemoteDataService.swift */,
				0249E81A2BB3A98E00BBC79B /* TvShowsSearchRemoteDataService.swift */,
				0249E7F82BB29E6B00BBC79B /* TvShowDetailsRemoteDataService.swift */,
				0249E7E32BB23C2D00BBC79B /* ImagesDataService.swift */,
			);
			path = Services;
			sourceTree = "<group>";
		};
		0249E7AC2BB2158900BBC79B /* Models */ = {
			isa = PBXGroup;
			children = (
				0249E7AB2BB2158900BBC79B /* TvShow.swift */,
				0249E7AA2BB2158900BBC79B /* Schedule.swift */,
				0249E7A92BB2158900BBC79B /* Image.swift */,
				0249E8012BB334B000BBC79B /* EmbeddedEpisodes.swift */,
			);
			path = Models;
			sourceTree = "<group>";
		};
		0249E7B82BB21D4200BBC79B /* TVMazeTests */ = {
			isa = PBXGroup;
			children = (
				0249E7C82BB21E6A00BBC79B /* Mocks */,
				0249E7C02BB21D5500BBC79B /* Services */,
			);
			path = TVMazeTests;
			sourceTree = "<group>";
		};
		0249E7C02BB21D5500BBC79B /* Services */ = {
			isa = PBXGroup;
			children = (
				0249E7C32BB21D8000BBC79B /* TvShowsRemoteDataServiceTests.swift */,
			);
			path = Services;
			sourceTree = "<group>";
		};
		0249E7C82BB21E6A00BBC79B /* Mocks */ = {
			isa = PBXGroup;
			children = (
				0249E7CB2BB21EE100BBC79B /* MockShow.swift */,
				0249E7C92BB21E7100BBC79B /* MockNetworkingManager.swift */,
			);
			path = Mocks;
			sourceTree = "<group>";
		};
		0249E7CD2BB2245A00BBC79B /* Features */ = {
			isa = PBXGroup;
			children = (
				0249E7CE2BB2247200BBC79B /* TvShows */,
				0249E8162BB3A7EA00BBC79B /* TvShowsSearch */,
				0249E7F32BB29D9000BBC79B /* TvShowDetails */,
				0249E80B2BB393DD00BBC79B /* Episode */,
			);
			path = Features;
			sourceTree = "<group>";
		};
		0249E7CE2BB2247200BBC79B /* TvShows */ = {
			isa = PBXGroup;
			children = (
				0249E7CF2BB2248A00BBC79B /* ViewModels */,
				0249E7D02BB2249400BBC79B /* Views */,
			);
			path = TvShows;
			sourceTree = "<group>";
		};
		0249E7CF2BB2248A00BBC79B /* ViewModels */ = {
			isa = PBXGroup;
			children = (
				0249E7D32BB225A100BBC79B /* TvShowsViewModel.swift */,
			);
			path = ViewModels;
			sourceTree = "<group>";
		};
		0249E7D02BB2249400BBC79B /* Views */ = {
			isa = PBXGroup;
			children = (
				0249E7D52BB22A5C00BBC79B /* TvShowsView.swift */,
				0249E7D72BB22C1D00BBC79B /* TvShowRowView.swift */,
			);
			path = Views;
			sourceTree = "<group>";
		};
		0249E7E92BB24D6D00BBC79B /* UIComponents */ = {
			isa = PBXGroup;
			children = (
				0249E7EC2BB24D8300BBC79B /* ImageView */,
				0249E8142BB3A09B00BBC79B /* SummaryView.swift */,
				0249E8122BB39E2F00BBC79B /* XMarkButton.swift */,
				0249E81F2BB3B6B100BBC79B /* SearchBarView.swift */,
			);
			path = UIComponents;
			sourceTree = "<group>";
		};
		0249E7EC2BB24D8300BBC79B /* ImageView */ = {
			isa = PBXGroup;
			children = (
				0249E7EA2BB24D8300BBC79B /* ImageView.swift */,
				0249E7EB2BB24D8300BBC79B /* ImageViewModel.swift */,
			);
			path = ImageView;
			sourceTree = "<group>";
		};
		0249E7F32BB29D9000BBC79B /* TvShowDetails */ = {
			isa = PBXGroup;
			children = (
				0249E7F42BB29D9800BBC79B /* ViewModels */,
				0249E7F52BB29D9C00BBC79B /* Views */,
			);
			path = TvShowDetails;
			sourceTree = "<group>";
		};
		0249E7F42BB29D9800BBC79B /* ViewModels */ = {
			isa = PBXGroup;
			children = (
				0249E7F62BB29DBE00BBC79B /* TvShowDetailsViewModel.swift */,
			);
			path = ViewModels;
			sourceTree = "<group>";
		};
		0249E7F52BB29D9C00BBC79B /* Views */ = {
			isa = PBXGroup;
			children = (
				0249E7FA2BB3011600BBC79B /* TvShowDetailsView.swift */,
				0249E8032BB368A500BBC79B /* TvShowDetailsHeader.swift */,
				0249E8052BB36E1A00BBC79B /* EpisodesBySeasonView.swift */,
				0249E8072BB3811800BBC79B /* SeasonView.swift */,
				0249E8092BB383B400BBC79B /* EpisodeView.swift */,
			);
			path = Views;
			sourceTree = "<group>";
		};
		0249E7FC2BB31C7300BBC79B /* Factories */ = {
			isa = PBXGroup;
			children = (
				0249E7FD2BB31C8300BBC79B /* ViewModelFactory.swift */,
			);
			path = Factories;
			sourceTree = "<group>";
		};
		0249E80B2BB393DD00BBC79B /* Episode */ = {
			isa = PBXGroup;
			children = (
				0249E80C2BB393EC00BBC79B /* ViewModels */,
				0249E80D2BB393F200BBC79B /* Views */,
			);
			path = Episode;
			sourceTree = "<group>";
		};
		0249E80C2BB393EC00BBC79B /* ViewModels */ = {
			isa = PBXGroup;
			children = (
				0249E80E2BB3941300BBC79B /* EpisodeDetailsViewModel.swift */,
			);
			path = ViewModels;
			sourceTree = "<group>";
		};
		0249E80D2BB393F200BBC79B /* Views */ = {
			isa = PBXGroup;
			children = (
				0249E8102BB395A400BBC79B /* EpisodeDetailsView.swift */,
			);
			path = Views;
			sourceTree = "<group>";
		};
		0249E8162BB3A7EA00BBC79B /* TvShowsSearch */ = {
			isa = PBXGroup;
			children = (
				0249E8172BB3A80100BBC79B /* ViewModels */,
				0249E81C2BB3B2C900BBC79B /* Views */,
			);
			path = TvShowsSearch;
			sourceTree = "<group>";
		};
		0249E8172BB3A80100BBC79B /* ViewModels */ = {
			isa = PBXGroup;
			children = (
				0249E8182BB3A81200BBC79B /* TvShowsSearchViewModel.swift */,
			);
			path = ViewModels;
			sourceTree = "<group>";
		};
		0249E81C2BB3B2C900BBC79B /* Views */ = {
			isa = PBXGroup;
			children = (
				0249E81D2BB3B2DF00BBC79B /* TvShowSearchView.swift */,
			);
			path = Views;
			sourceTree = "<group>";
		};
/* End PBXGroup section */

/* Begin PBXNativeTarget section */
		0249E7762BB1F71800BBC79B /* TVMaze */ = {
			isa = PBXNativeTarget;
			buildConfigurationList = 0249E7852BB1F71A00BBC79B /* Build configuration list for PBXNativeTarget "TVMaze" */;
			buildPhases = (
				0249E7732BB1F71800BBC79B /* Sources */,
				0249E7742BB1F71800BBC79B /* Frameworks */,
				0249E7752BB1F71800BBC79B /* Resources */,
			);
			buildRules = (
			);
			dependencies = (
				0249E7A32BB20C2500BBC79B /* PBXTargetDependency */,
			);
			name = TVMaze;
			packageProductDependencies = (
				0249E7A52BB20F0900BBC79B /* TVMazeServiceKit */,
			);
			productName = TVMaze;
			productReference = 0249E7772BB1F71800BBC79B /* TVMaze.app */;
			productType = "com.apple.product-type.application";
		};
		0249E7B62BB21D4200BBC79B /* TVMazeTests */ = {
			isa = PBXNativeTarget;
			buildConfigurationList = 0249E7BD2BB21D4200BBC79B /* Build configuration list for PBXNativeTarget "TVMazeTests" */;
			buildPhases = (
				0249E7B32BB21D4200BBC79B /* Sources */,
				0249E7B42BB21D4200BBC79B /* Frameworks */,
				0249E7B52BB21D4200BBC79B /* Resources */,
			);
			buildRules = (
			);
			dependencies = (
				0249E7BC2BB21D4200BBC79B /* PBXTargetDependency */,
			);
			name = TVMazeTests;
			productName = TVMazeTests;
			productReference = 0249E7B72BB21D4200BBC79B /* TVMazeTests.xctest */;
			productType = "com.apple.product-type.bundle.unit-test";
		};
/* End PBXNativeTarget section */

/* Begin PBXProject section */
		0249E76F2BB1F71800BBC79B /* Project object */ = {
			isa = PBXProject;
			attributes = {
				BuildIndependentTargetsInParallel = 1;
				LastSwiftUpdateCheck = 1530;
				LastUpgradeCheck = 1530;
				TargetAttributes = {
					0249E7762BB1F71800BBC79B = {
						CreatedOnToolsVersion = 15.3;
					};
					0249E7B62BB21D4200BBC79B = {
						CreatedOnToolsVersion = 15.3;
						LastSwiftMigration = 1530;
						TestTargetID = 0249E7762BB1F71800BBC79B;
					};
				};
			};
			buildConfigurationList = 0249E7722BB1F71800BBC79B /* Build configuration list for PBXProject "TVMaze" */;
			compatibilityVersion = "Xcode 14.0";
			developmentRegion = en;
			hasScannedForEncodings = 0;
			knownRegions = (
				en,
				Base,
			);
			mainGroup = 0249E76E2BB1F71800BBC79B;
			productRefGroup = 0249E7782BB1F71800BBC79B /* Products */;
			projectDirPath = "";
			projectRoot = "";
			targets = (
				0249E7762BB1F71800BBC79B /* TVMaze */,
				0249E7B62BB21D4200BBC79B /* TVMazeTests */,
			);
		};
/* End PBXProject section */

/* Begin PBXResourcesBuildPhase section */
		0249E7752BB1F71800BBC79B /* Resources */ = {
			isa = PBXResourcesBuildPhase;
			buildActionMask = 2147483647;
			files = (
				0249E7822BB1F71A00BBC79B /* Preview Assets.xcassets in Resources */,
				0249E77F2BB1F71A00BBC79B /* Assets.xcassets in Resources */,
			);
			runOnlyForDeploymentPostprocessing = 0;
		};
		0249E7B52BB21D4200BBC79B /* Resources */ = {
			isa = PBXResourcesBuildPhase;
			buildActionMask = 2147483647;
			files = (
			);
			runOnlyForDeploymentPostprocessing = 0;
		};
/* End PBXResourcesBuildPhase section */

/* Begin PBXSourcesBuildPhase section */
		0249E7732BB1F71800BBC79B /* Sources */ = {
			isa = PBXSourcesBuildPhase;
			buildActionMask = 2147483647;
			files = (
				0249E7D82BB22C1D00BBC79B /* TvShowRowView.swift in Sources */,
				0249E7FB2BB3011600BBC79B /* TvShowDetailsView.swift in Sources */,
				0249E8112BB395A400BBC79B /* EpisodeDetailsView.swift in Sources */,
				0249E80F2BB3941300BBC79B /* EpisodeDetailsViewModel.swift in Sources */,
				0249E8002BB324D700BBC79B /* View+Extensions.swift in Sources */,
				0249E77D2BB1F71800BBC79B /* ContentView.swift in Sources */,
				0249E7AE2BB2158900BBC79B /* Image.swift in Sources */,
				0249E7E42BB23C2D00BBC79B /* ImagesDataService.swift in Sources */,
				0249E8042BB368A500BBC79B /* TvShowDetailsHeader.swift in Sources */,
				0249E81E2BB3B2DF00BBC79B /* TvShowSearchView.swift in Sources */,
				0249E8202BB3B6B100BBC79B /* SearchBarView.swift in Sources */,
				0249E7F92BB29E6B00BBC79B /* TvShowDetailsRemoteDataService.swift in Sources */,
				0249E7F02BB26BBA00BBC79B /* String+Extensions.swift in Sources */,
				0249E8132BB39E2F00BBC79B /* XMarkButton.swift in Sources */,
				0249E7942BB1FCCF00BBC79B /* ColorTheme.swift in Sources */,
				0249E80A2BB383B400BBC79B /* EpisodeView.swift in Sources */,
				0249E7D42BB225A100BBC79B /* TvShowsViewModel.swift in Sources */,
				0249E8152BB3A09B00BBC79B /* SummaryView.swift in Sources */,
				0249E8082BB3811800BBC79B /* SeasonView.swift in Sources */,
				0249E7EE2BB24D8300BBC79B /* ImageViewModel.swift in Sources */,
				0249E77B2BB1F71800BBC79B /* TVMazeApp.swift in Sources */,
				0249E7D62BB22A5C00BBC79B /* TvShowsView.swift in Sources */,
				0249E8222BB3BA4500BBC79B /* UIApplication+Extension.swift in Sources */,
				0249E7B22BB21A8100BBC79B /* Constants.swift in Sources */,
				0249E7AD2BB2158900BBC79B /* TvShowsRemoteDataService.swift in Sources */,
				0249E8022BB334B000BBC79B /* EmbeddedEpisodes.swift in Sources */,
				0249E8192BB3A81200BBC79B /* TvShowsSearchViewModel.swift in Sources */,
				0249E81B2BB3A98E00BBC79B /* TvShowsSearchRemoteDataService.swift in Sources */,
				0249E7AF2BB2158900BBC79B /* Schedule.swift in Sources */,
				0249E7B02BB2158900BBC79B /* TvShow.swift in Sources */,
				0249E7FE2BB31C8300BBC79B /* ViewModelFactory.swift in Sources */,
				0249E7ED2BB24D8300BBC79B /* ImageView.swift in Sources */,
				0249E8062BB36E1A00BBC79B /* EpisodesBySeasonView.swift in Sources */,
				0249E7F22BB2783600BBC79B /* ViewState.swift in Sources */,
				0249E7902BB1FBEF00BBC79B /* Color+Extensions.swift in Sources */,
				0249E7F72BB29DBE00BBC79B /* TvShowDetailsViewModel.swift in Sources */,
			);
			runOnlyForDeploymentPostprocessing = 0;
		};
		0249E7B32BB21D4200BBC79B /* Sources */ = {
			isa = PBXSourcesBuildPhase;
			buildActionMask = 2147483647;
			files = (
				0249E7E72BB2442A00BBC79B /* MockShow.swift in Sources */,
				0249E7C42BB21D8000BBC79B /* TvShowsRemoteDataServiceTests.swift in Sources */,
				0249E7CA2BB21E7100BBC79B /* MockNetworkingManager.swift in Sources */,
			);
			runOnlyForDeploymentPostprocessing = 0;
		};
/* End PBXSourcesBuildPhase section */

/* Begin PBXTargetDependency section */
		0249E7A32BB20C2500BBC79B /* PBXTargetDependency */ = {
			isa = PBXTargetDependency;
			productRef = 0249E7A22BB20C2500BBC79B /* TVMazeServiceKit */;
		};
		0249E7BC2BB21D4200BBC79B /* PBXTargetDependency */ = {
			isa = PBXTargetDependency;
			target = 0249E7762BB1F71800BBC79B /* TVMaze */;
			targetProxy = 0249E7BB2BB21D4200BBC79B /* PBXContainerItemProxy */;
		};
/* End PBXTargetDependency section */

/* Begin XCBuildConfiguration section */
		0249E7832BB1F71A00BBC79B /* Debug */ = {
			isa = XCBuildConfiguration;
			buildSettings = {
				ALWAYS_SEARCH_USER_PATHS = NO;
				ASSETCATALOG_COMPILER_GENERATE_SWIFT_ASSET_SYMBOL_EXTENSIONS = YES;
				CLANG_ANALYZER_NONNULL = YES;
				CLANG_ANALYZER_NUMBER_OBJECT_CONVERSION = YES_AGGRESSIVE;
				CLANG_CXX_LANGUAGE_STANDARD = "gnu++20";
				CLANG_ENABLE_MODULES = YES;
				CLANG_ENABLE_OBJC_ARC = YES;
				CLANG_ENABLE_OBJC_WEAK = YES;
				CLANG_WARN_BLOCK_CAPTURE_AUTORELEASING = YES;
				CLANG_WARN_BOOL_CONVERSION = YES;
				CLANG_WARN_COMMA = YES;
				CLANG_WARN_CONSTANT_CONVERSION = YES;
				CLANG_WARN_DEPRECATED_OBJC_IMPLEMENTATIONS = YES;
				CLANG_WARN_DIRECT_OBJC_ISA_USAGE = YES_ERROR;
				CLANG_WARN_DOCUMENTATION_COMMENTS = YES;
				CLANG_WARN_EMPTY_BODY = YES;
				CLANG_WARN_ENUM_CONVERSION = YES;
				CLANG_WARN_INFINITE_RECURSION = YES;
				CLANG_WARN_INT_CONVERSION = YES;
				CLANG_WARN_NON_LITERAL_NULL_CONVERSION = YES;
				CLANG_WARN_OBJC_IMPLICIT_RETAIN_SELF = YES;
				CLANG_WARN_OBJC_LITERAL_CONVERSION = YES;
				CLANG_WARN_OBJC_ROOT_CLASS = YES_ERROR;
				CLANG_WARN_QUOTED_INCLUDE_IN_FRAMEWORK_HEADER = YES;
				CLANG_WARN_RANGE_LOOP_ANALYSIS = YES;
				CLANG_WARN_STRICT_PROTOTYPES = YES;
				CLANG_WARN_SUSPICIOUS_MOVE = YES;
				CLANG_WARN_UNGUARDED_AVAILABILITY = YES_AGGRESSIVE;
				CLANG_WARN_UNREACHABLE_CODE = YES;
				CLANG_WARN__DUPLICATE_METHOD_MATCH = YES;
				COPY_PHASE_STRIP = NO;
				DEBUG_INFORMATION_FORMAT = dwarf;
				ENABLE_STRICT_OBJC_MSGSEND = YES;
				ENABLE_TESTABILITY = YES;
				ENABLE_USER_SCRIPT_SANDBOXING = YES;
				GCC_C_LANGUAGE_STANDARD = gnu17;
				GCC_DYNAMIC_NO_PIC = NO;
				GCC_NO_COMMON_BLOCKS = YES;
				GCC_OPTIMIZATION_LEVEL = 0;
				GCC_PREPROCESSOR_DEFINITIONS = (
					"DEBUG=1",
					"$(inherited)",
				);
				GCC_WARN_64_TO_32_BIT_CONVERSION = YES;
				GCC_WARN_ABOUT_RETURN_TYPE = YES_ERROR;
				GCC_WARN_UNDECLARED_SELECTOR = YES;
				GCC_WARN_UNINITIALIZED_AUTOS = YES_AGGRESSIVE;
				GCC_WARN_UNUSED_FUNCTION = YES;
				GCC_WARN_UNUSED_VARIABLE = YES;
				IPHONEOS_DEPLOYMENT_TARGET = 17.0;
				LOCALIZATION_PREFERS_STRING_CATALOGS = YES;
				MTL_ENABLE_DEBUG_INFO = INCLUDE_SOURCE;
				MTL_FAST_MATH = YES;
				ONLY_ACTIVE_ARCH = YES;
				SDKROOT = iphoneos;
				SWIFT_ACTIVE_COMPILATION_CONDITIONS = "DEBUG $(inherited)";
				SWIFT_OPTIMIZATION_LEVEL = "-Onone";
			};
			name = Debug;
		};
		0249E7842BB1F71A00BBC79B /* Release */ = {
			isa = XCBuildConfiguration;
			buildSettings = {
				ALWAYS_SEARCH_USER_PATHS = NO;
				ASSETCATALOG_COMPILER_GENERATE_SWIFT_ASSET_SYMBOL_EXTENSIONS = YES;
				CLANG_ANALYZER_NONNULL = YES;
				CLANG_ANALYZER_NUMBER_OBJECT_CONVERSION = YES_AGGRESSIVE;
				CLANG_CXX_LANGUAGE_STANDARD = "gnu++20";
				CLANG_ENABLE_MODULES = YES;
				CLANG_ENABLE_OBJC_ARC = YES;
				CLANG_ENABLE_OBJC_WEAK = YES;
				CLANG_WARN_BLOCK_CAPTURE_AUTORELEASING = YES;
				CLANG_WARN_BOOL_CONVERSION = YES;
				CLANG_WARN_COMMA = YES;
				CLANG_WARN_CONSTANT_CONVERSION = YES;
				CLANG_WARN_DEPRECATED_OBJC_IMPLEMENTATIONS = YES;
				CLANG_WARN_DIRECT_OBJC_ISA_USAGE = YES_ERROR;
				CLANG_WARN_DOCUMENTATION_COMMENTS = YES;
				CLANG_WARN_EMPTY_BODY = YES;
				CLANG_WARN_ENUM_CONVERSION = YES;
				CLANG_WARN_INFINITE_RECURSION = YES;
				CLANG_WARN_INT_CONVERSION = YES;
				CLANG_WARN_NON_LITERAL_NULL_CONVERSION = YES;
				CLANG_WARN_OBJC_IMPLICIT_RETAIN_SELF = YES;
				CLANG_WARN_OBJC_LITERAL_CONVERSION = YES;
				CLANG_WARN_OBJC_ROOT_CLASS = YES_ERROR;
				CLANG_WARN_QUOTED_INCLUDE_IN_FRAMEWORK_HEADER = YES;
				CLANG_WARN_RANGE_LOOP_ANALYSIS = YES;
				CLANG_WARN_STRICT_PROTOTYPES = YES;
				CLANG_WARN_SUSPICIOUS_MOVE = YES;
				CLANG_WARN_UNGUARDED_AVAILABILITY = YES_AGGRESSIVE;
				CLANG_WARN_UNREACHABLE_CODE = YES;
				CLANG_WARN__DUPLICATE_METHOD_MATCH = YES;
				COPY_PHASE_STRIP = NO;
				DEBUG_INFORMATION_FORMAT = "dwarf-with-dsym";
				ENABLE_NS_ASSERTIONS = NO;
				ENABLE_STRICT_OBJC_MSGSEND = YES;
				ENABLE_USER_SCRIPT_SANDBOXING = YES;
				GCC_C_LANGUAGE_STANDARD = gnu17;
				GCC_NO_COMMON_BLOCKS = YES;
				GCC_WARN_64_TO_32_BIT_CONVERSION = YES;
				GCC_WARN_ABOUT_RETURN_TYPE = YES_ERROR;
				GCC_WARN_UNDECLARED_SELECTOR = YES;
				GCC_WARN_UNINITIALIZED_AUTOS = YES_AGGRESSIVE;
				GCC_WARN_UNUSED_FUNCTION = YES;
				GCC_WARN_UNUSED_VARIABLE = YES;
				IPHONEOS_DEPLOYMENT_TARGET = 17.0;
				LOCALIZATION_PREFERS_STRING_CATALOGS = YES;
				MTL_ENABLE_DEBUG_INFO = NO;
				MTL_FAST_MATH = YES;
				SDKROOT = iphoneos;
				SWIFT_COMPILATION_MODE = wholemodule;
				VALIDATE_PRODUCT = YES;
			};
			name = Release;
		};
		0249E7862BB1F71A00BBC79B /* Debug */ = {
			isa = XCBuildConfiguration;
			buildSettings = {
				ASSETCATALOG_COMPILER_APPICON_NAME = AppIcon;
				ASSETCATALOG_COMPILER_GLOBAL_ACCENT_COLOR_NAME = AccentColor;
				CODE_SIGN_STYLE = Automatic;
				CURRENT_PROJECT_VERSION = 1;
				DEVELOPMENT_ASSET_PATHS = "\"TVMaze/Preview Content\"";
				DEVELOPMENT_TEAM = 7G64V5XZM3;
				ENABLE_PREVIEWS = YES;
				EXCLUDED_ARCHS = "";
				GENERATE_INFOPLIST_FILE = YES;
				INFOPLIST_KEY_CFBundleDisplayName = TVmaze;
				INFOPLIST_KEY_UIApplicationSceneManifest_Generation = YES;
				INFOPLIST_KEY_UIApplicationSupportsIndirectInputEvents = YES;
				INFOPLIST_KEY_UILaunchScreen_Generation = YES;
				INFOPLIST_KEY_UISupportedInterfaceOrientations = UIInterfaceOrientationPortrait;
				IPHONEOS_DEPLOYMENT_TARGET = 17.0;
				LD_RUNPATH_SEARCH_PATHS = (
					"$(inherited)",
					"@executable_path/Frameworks",
				);
				MARKETING_VERSION = 1.0;
				PRODUCT_BUNDLE_IDENTIFIER = com.felipemendes.TVMaze;
				PRODUCT_NAME = "$(TARGET_NAME)";
				SUPPORTED_PLATFORMS = "iphoneos iphonesimulator";
				SUPPORTS_MACCATALYST = NO;
				SUPPORTS_MAC_DESIGNED_FOR_IPHONE_IPAD = NO;
				SUPPORTS_XR_DESIGNED_FOR_IPHONE_IPAD = NO;
				SWIFT_EMIT_LOC_STRINGS = YES;
				SWIFT_VERSION = 5.0;
				TARGETED_DEVICE_FAMILY = 1;
			};
			name = Debug;
		};
		0249E7872BB1F71A00BBC79B /* Release */ = {
			isa = XCBuildConfiguration;
			buildSettings = {
				ASSETCATALOG_COMPILER_APPICON_NAME = AppIcon;
				ASSETCATALOG_COMPILER_GLOBAL_ACCENT_COLOR_NAME = AccentColor;
				CODE_SIGN_STYLE = Automatic;
				CURRENT_PROJECT_VERSION = 1;
				DEVELOPMENT_ASSET_PATHS = "\"TVMaze/Preview Content\"";
				DEVELOPMENT_TEAM = 7G64V5XZM3;
				ENABLE_PREVIEWS = YES;
				EXCLUDED_ARCHS = "";
				GENERATE_INFOPLIST_FILE = YES;
				INFOPLIST_KEY_CFBundleDisplayName = TVmaze;
				INFOPLIST_KEY_UIApplicationSceneManifest_Generation = YES;
				INFOPLIST_KEY_UIApplicationSupportsIndirectInputEvents = YES;
				INFOPLIST_KEY_UILaunchScreen_Generation = YES;
				INFOPLIST_KEY_UISupportedInterfaceOrientations = UIInterfaceOrientationPortrait;
				IPHONEOS_DEPLOYMENT_TARGET = 17.0;
				LD_RUNPATH_SEARCH_PATHS = (
					"$(inherited)",
					"@executable_path/Frameworks",
				);
				MARKETING_VERSION = 1.0;
				PRODUCT_BUNDLE_IDENTIFIER = com.felipemendes.TVMaze;
				PRODUCT_NAME = "$(TARGET_NAME)";
				SUPPORTED_PLATFORMS = "iphoneos iphonesimulator";
				SUPPORTS_MACCATALYST = NO;
				SUPPORTS_MAC_DESIGNED_FOR_IPHONE_IPAD = NO;
				SUPPORTS_XR_DESIGNED_FOR_IPHONE_IPAD = NO;
				SWIFT_EMIT_LOC_STRINGS = YES;
				SWIFT_VERSION = 5.0;
				TARGETED_DEVICE_FAMILY = 1;
			};
			name = Release;
		};
		0249E7BE2BB21D4200BBC79B /* Debug */ = {
			isa = XCBuildConfiguration;
			buildSettings = {
				BUNDLE_LOADER = "$(TEST_HOST)";
				CLANG_ENABLE_MODULES = YES;
				CODE_SIGN_STYLE = Automatic;
				CURRENT_PROJECT_VERSION = 1;
				DEVELOPMENT_TEAM = 7G64V5XZM3;
				GENERATE_INFOPLIST_FILE = YES;
				IPHONEOS_DEPLOYMENT_TARGET = 17.4;
				MARKETING_VERSION = 1.0;
				PRODUCT_BUNDLE_IDENTIFIER = com.felipemendes.TVMazeTests;
				PRODUCT_NAME = "$(TARGET_NAME)";
				SWIFT_EMIT_LOC_STRINGS = NO;
				SWIFT_OPTIMIZATION_LEVEL = "-Onone";
				SWIFT_VERSION = 5.0;
				TARGETED_DEVICE_FAMILY = "1,2";
				TEST_HOST = "$(BUILT_PRODUCTS_DIR)/TVMaze.app/$(BUNDLE_EXECUTABLE_FOLDER_PATH)/TVMaze";
			};
			name = Debug;
		};
		0249E7BF2BB21D4200BBC79B /* Release */ = {
			isa = XCBuildConfiguration;
			buildSettings = {
				BUNDLE_LOADER = "$(TEST_HOST)";
				CLANG_ENABLE_MODULES = YES;
				CODE_SIGN_STYLE = Automatic;
				CURRENT_PROJECT_VERSION = 1;
				DEVELOPMENT_TEAM = 7G64V5XZM3;
				GENERATE_INFOPLIST_FILE = YES;
				IPHONEOS_DEPLOYMENT_TARGET = 17.4;
				MARKETING_VERSION = 1.0;
				PRODUCT_BUNDLE_IDENTIFIER = com.felipemendes.TVMazeTests;
				PRODUCT_NAME = "$(TARGET_NAME)";
				SWIFT_EMIT_LOC_STRINGS = NO;
				SWIFT_VERSION = 5.0;
				TARGETED_DEVICE_FAMILY = "1,2";
				TEST_HOST = "$(BUILT_PRODUCTS_DIR)/TVMaze.app/$(BUNDLE_EXECUTABLE_FOLDER_PATH)/TVMaze";
			};
			name = Release;
		};
/* End XCBuildConfiguration section */

/* Begin XCConfigurationList section */
		0249E7722BB1F71800BBC79B /* Build configuration list for PBXProject "TVMaze" */ = {
			isa = XCConfigurationList;
			buildConfigurations = (
				0249E7832BB1F71A00BBC79B /* Debug */,
				0249E7842BB1F71A00BBC79B /* Release */,
			);
			defaultConfigurationIsVisible = 0;
			defaultConfigurationName = Release;
		};
		0249E7852BB1F71A00BBC79B /* Build configuration list for PBXNativeTarget "TVMaze" */ = {
			isa = XCConfigurationList;
			buildConfigurations = (
				0249E7862BB1F71A00BBC79B /* Debug */,
				0249E7872BB1F71A00BBC79B /* Release */,
			);
			defaultConfigurationIsVisible = 0;
			defaultConfigurationName = Release;
		};
		0249E7BD2BB21D4200BBC79B /* Build configuration list for PBXNativeTarget "TVMazeTests" */ = {
			isa = XCConfigurationList;
			buildConfigurations = (
				0249E7BE2BB21D4200BBC79B /* Debug */,
				0249E7BF2BB21D4200BBC79B /* Release */,
			);
			defaultConfigurationIsVisible = 0;
			defaultConfigurationName = Release;
		};
/* End XCConfigurationList section */

/* Begin XCSwiftPackageProductDependency section */
		0249E7A22BB20C2500BBC79B /* TVMazeServiceKit */ = {
			isa = XCSwiftPackageProductDependency;
			productName = TVMazeServiceKit;
		};
		0249E7A52BB20F0900BBC79B /* TVMazeServiceKit */ = {
			isa = XCSwiftPackageProductDependency;
			productName = TVMazeServiceKit;
		};
/* End XCSwiftPackageProductDependency section */
	};
	rootObject = 0249E76F2BB1F71800BBC79B /* Project object */;
}
